
Microsoft Visual Studio Solution File, Format Version 12.00
# Visual Studio Version 16
VisualStudioVersion = 16.0.32901.82
MinimumVisualStudioVersion = 10.0.40219.1
Project("{FAE04EC0-301F-11D3-BF4B-00C04F79EFBC}") = "NekoNyanStatic", "NekoNyanStatic\NekoNyanStatic.csproj", "{F6D44AED-01E4-4AAD-B2CE-FB62A43DF203}"
EndProject
Project("{FAE04EC0-301F-11D3-BF4B-00C04F79EFBC}") = "ConsoleExecute", "ConsoleExecute\ConsoleExecute.csproj", "{7CB962EE-E8DD-45C0-984D-3107649924CB}"
EndProject
Global
	GlobalSection(SolutionConfigurationPlatforms) = preSolution
		Debug|x64 = Debug|x64
		Release|x64 = Release|x64
	EndGlobalSection
	GlobalSection(ProjectConfigurationPlatforms) = postSolution
		{F6D44AED-01E4-4AAD-B2CE-FB62A43DF203}.Debug|x64.ActiveCfg = Debug|x64
		{F6D44AED-01E4-4AAD-B2CE-FB62A43DF203}.Debug|x64.Build.0 = Debug|x64
		{F6D44AED-01E4-4AAD-B2CE-FB62A43DF203}.Release|x64.ActiveCfg = Release|x64
		{F6D44AED-01E4-4AAD-B2CE-FB62A43DF203}.Release|x64.Build.0 = Release|x64
		{7CB962EE-E8DD-45C0-984D-3107649924CB}.Debug|x64.ActiveCfg = Debug|x64
		{7CB962EE-E8DD-45C0-984D-3107649924CB}.Debug|x64.Build.0 = Debug|x64
		{7CB962EE-E8DD-45C0-984D-3107649924CB}.Release|x64.ActiveCfg = Release|x64
		{7CB962EE-E8DD-45C0-984D-3107649924CB}.Release|x64.Build.0 = Release|x64
	EndGlobalSection
	GlobalSection(SolutionProperties) = preSolution
		HideSolutionNode = FALSE
	EndGlobalSection
	GlobalSection(ExtensibilityGlobals) = postSolution
		SolutionGuid = {821E9C98-B941-4F83-B59B-3B5A68363D83}
	EndGlobalSection
EndGlobal
