<?xml version="1.0" encoding="utf-8"?>
<Project ToolsVersion="4.0" xmlns="http://schemas.microsoft.com/developer/msbuild/2003">
  <ItemGroup>
    <Filter Include="源文件">
      <UniqueIdentifier>{4FC737F1-C7A5-4376-A066-2A32D752A2FF}</UniqueIdentifier>
      <Extensions>cpp;c;cc;cxx;c++;cppm;ixx;def;odl;idl;hpj;bat;asm;asmx</Extensions>
    </Filter>
    <Filter Include="头文件">
      <UniqueIdentifier>{93995380-89BD-4b04-88EB-625FBE52EBFB}</UniqueIdentifier>
      <Extensions>h;hh;hpp;hxx;h++;hm;inl;inc;ipp;xsd</Extensions>
    </Filter>
    <Filter Include="资源文件">
      <UniqueIdentifier>{67DA6AB6-F800-4c08-8B7A-83BB121AAD01}</UniqueIdentifier>
      <Extensions>rc;ico;cur;bmp;dlg;rc2;rct;bin;rgs;gif;jpg;jpeg;jpe;resx;tiff;tif;png;wav;mfcribbon-ms</Extensions>
    </Filter>
    <Filter Include="Commom">
      <UniqueIdentifier>{9d43feff-c600-4b74-b6f0-eb414ba3849f}</UniqueIdentifier>
    </Filter>
    <Filter Include="KrkrPlugin">
      <UniqueIdentifier>{958ae095-bb06-4568-ac2d-3f8d594c9460}</UniqueIdentifier>
    </Filter>
    <Filter Include="Detours">
      <UniqueIdentifier>{1a495ff2-be3b-4614-815c-cc9ec9c08397}</UniqueIdentifier>
    </Filter>
    <Filter Include="KrkrExt">
      <UniqueIdentifier>{49dc3483-f8e0-48fa-a01a-5026e59d80ca}</UniqueIdentifier>
    </Filter>
    <Filter Include="Zlib">
      <UniqueIdentifier>{32190588-5cfc-4f81-93fb-fdc88fb3a02c}</UniqueIdentifier>
    </Filter>
    <Filter Include="cJSON">
      <UniqueIdentifier>{56cbfcbb-4949-43cb-9b61-3eb887d08ec2}</UniqueIdentifier>
    </Filter>
  </ItemGroup>
  <ItemGroup>
    <ClCompile Include="dllmain.cpp">
      <Filter>源文件</Filter>
    </ClCompile>
    <ClCompile Include="..\Common\Base.cpp">
      <Filter>Commom</Filter>
    </ClCompile>
    <ClCompile Include="..\Common\encoding.cpp">
      <Filter>Commom</Filter>
    </ClCompile>
    <ClCompile Include="..\Common\file.cpp">
      <Filter>Commom</Filter>
    </ClCompile>
    <ClCompile Include="..\Common\log.cpp">
      <Filter>Commom</Filter>
    </ClCompile>
    <ClCompile Include="..\Common\path.cpp">
      <Filter>Commom</Filter>
    </ClCompile>
    <ClCompile Include="..\Common\pe.cpp">
      <Filter>Commom</Filter>
    </ClCompile>
    <ClCompile Include="..\Common\stringhelper.cpp">
      <Filter>Commom</Filter>
    </ClCompile>
    <ClCompile Include="..\Common\util.cpp">
      <Filter>Commom</Filter>
    </ClCompile>
    <ClCompile Include="..\KrkrPlugin\tp_stub.cpp">
      <Filter>KrkrPlugin</Filter>
    </ClCompile>
    <ClCompile Include="..\Detours\creatwth.cpp">
      <Filter>Detours</Filter>
    </ClCompile>
    <ClCompile Include="..\Detours\detours.cpp">
      <Filter>Detours</Filter>
    </ClCompile>
    <ClCompile Include="..\Detours\disasm.cpp">
      <Filter>Detours</Filter>
    </ClCompile>
    <ClCompile Include="..\Detours\image.cpp">
      <Filter>Detours</Filter>
    </ClCompile>
    <ClCompile Include="..\Detours\modules.cpp">
      <Filter>Detours</Filter>
    </ClCompile>
    <ClCompile Include="..\KrkrExt\KrPath.cpp">
      <Filter>KrkrExt</Filter>
    </ClCompile>
    <ClCompile Include="..\Zlib\adler32.c">
      <Filter>Zlib</Filter>
    </ClCompile>
    <ClCompile Include="..\Zlib\compress.c">
      <Filter>Zlib</Filter>
    </ClCompile>
    <ClCompile Include="..\Zlib\crc32.c">
      <Filter>Zlib</Filter>
    </ClCompile>
    <ClCompile Include="..\Zlib\deflate.c">
      <Filter>Zlib</Filter>
    </ClCompile>
    <ClCompile Include="..\Zlib\gzclose.c">
      <Filter>Zlib</Filter>
    </ClCompile>
    <ClCompile Include="..\Zlib\gzlib.c">
      <Filter>Zlib</Filter>
    </ClCompile>
    <ClCompile Include="..\Zlib\gzread.c">
      <Filter>Zlib</Filter>
    </ClCompile>
    <ClCompile Include="..\Zlib\gzwrite.c">
      <Filter>Zlib</Filter>
    </ClCompile>
    <ClCompile Include="..\Zlib\infback.c">
      <Filter>Zlib</Filter>
    </ClCompile>
    <ClCompile Include="..\Zlib\inffast.c">
      <Filter>Zlib</Filter>
    </ClCompile>
    <ClCompile Include="..\Zlib\inflate.c">
      <Filter>Zlib</Filter>
    </ClCompile>
    <ClCompile Include="..\Zlib\inftrees.c">
      <Filter>Zlib</Filter>
    </ClCompile>
    <ClCompile Include="..\Zlib\trees.c">
      <Filter>Zlib</Filter>
    </ClCompile>
    <ClCompile Include="..\Zlib\uncompr.c">
      <Filter>Zlib</Filter>
    </ClCompile>
    <ClCompile Include="..\Zlib\zutil.c">
      <Filter>Zlib</Filter>
    </ClCompile>
    <ClCompile Include="ArchiveProc.cpp">
      <Filter>源文件</Filter>
    </ClCompile>
    <ClCompile Include="IndexProc.cpp">
      <Filter>源文件</Filter>
    </ClCompile>
    <ClCompile Include="..\cJSON\cJSON.c">
      <Filter>cJSON</Filter>
    </ClCompile>
  </ItemGroup>
  <ItemGroup>
    <ClInclude Include="..\Common\Base.h">
      <Filter>Commom</Filter>
    </ClInclude>
    <ClInclude Include="..\Common\encoding.h">
      <Filter>Commom</Filter>
    </ClInclude>
    <ClInclude Include="..\Common\file.h">
      <Filter>Commom</Filter>
    </ClInclude>
    <ClInclude Include="..\Common\log.h">
      <Filter>Commom</Filter>
    </ClInclude>
    <ClInclude Include="..\Common\path.h">
      <Filter>Commom</Filter>
    </ClInclude>
    <ClInclude Include="..\Common\pe.h">
      <Filter>Commom</Filter>
    </ClInclude>
    <ClInclude Include="..\Common\stringhelper.h">
      <Filter>Commom</Filter>
    </ClInclude>
    <ClInclude Include="..\Common\util.h">
      <Filter>Commom</Filter>
    </ClInclude>
    <ClInclude Include="..\KrkrPlugin\tp_stub.h">
      <Filter>KrkrPlugin</Filter>
    </ClInclude>
    <ClInclude Include="..\Detours\detours.h">
      <Filter>Detours</Filter>
    </ClInclude>
    <ClInclude Include="..\KrkrExt\KrPath.h">
      <Filter>KrkrExt</Filter>
    </ClInclude>
    <ClInclude Include="..\Zlib\crc32.h">
      <Filter>Zlib</Filter>
    </ClInclude>
    <ClInclude Include="..\Zlib\deflate.h">
      <Filter>Zlib</Filter>
    </ClInclude>
    <ClInclude Include="..\Zlib\gzguts.h">
      <Filter>Zlib</Filter>
    </ClInclude>
    <ClInclude Include="..\Zlib\inffast.h">
      <Filter>Zlib</Filter>
    </ClInclude>
    <ClInclude Include="..\Zlib\inffixed.h">
      <Filter>Zlib</Filter>
    </ClInclude>
    <ClInclude Include="..\Zlib\inflate.h">
      <Filter>Zlib</Filter>
    </ClInclude>
    <ClInclude Include="..\Zlib\inftrees.h">
      <Filter>Zlib</Filter>
    </ClInclude>
    <ClInclude Include="..\Zlib\trees.h">
      <Filter>Zlib</Filter>
    </ClInclude>
    <ClInclude Include="..\Zlib\zconf.h">
      <Filter>Zlib</Filter>
    </ClInclude>
    <ClInclude Include="..\Zlib\zlib.h">
      <Filter>Zlib</Filter>
    </ClInclude>
    <ClInclude Include="..\Zlib\zutil.h">
      <Filter>Zlib</Filter>
    </ClInclude>
    <ClInclude Include="ArchiveProc.h">
      <Filter>源文件</Filter>
    </ClInclude>
    <ClInclude Include="IndexProc.h">
      <Filter>源文件</Filter>
    </ClInclude>
    <ClInclude Include="..\cJSON\cJSON.h">
      <Filter>cJSON</Filter>
    </ClInclude>
  </ItemGroup>
  <ItemGroup>
    <None Include="export.def">
      <Filter>源文件</Filter>
    </None>
  </ItemGroup>
</Project>